
Microsoft Visual Studio Solution File, Format Version 12.00
# Visual Studio Version 17
VisualStudioVersion = 17.5.33502.453
MinimumVisualStudioVersion = 10.0.40219.1
Project("{8BC9CEB8-8B4A-11D0-8D11-00A0C91BC942}") = "Source", "Source\Celestial.vcxproj", "{3B07D863-B4F3-4A29-8DD4-AE85FC9EE30E}"
EndProject
Global
	GlobalSection(SolutionConfigurationPlatforms) = preSolution
		Debug|x64 = Debug|x64
		Debug|x86 = Debug|x86
		Release|x64 = Release|x64
		Release|x86 = Release|x86
	EndGlobalSection
	GlobalSection(ProjectConfigurationPlatforms) = postSolution
		{3B07D863-B4F3-4A29-8DD4-AE85FC9EE30E}.Debug|x64.ActiveCfg = Debug|x64
		{3B07D863-B4F3-4A29-8DD4-AE85FC9EE30E}.Debug|x64.Build.0 = Debug|x64
		{3B07D863-B4F3-4A29-8DD4-AE85FC9EE30E}.Debug|x86.ActiveCfg = Debug|Win32
		{3B07D863-B4F3-4A29-8DD4-AE85FC9EE30E}.Debug|x86.Build.0 = Debug|Win32
		{3B07D863-B4F3-4A29-8DD4-AE85FC9EE30E}.Release|x64.ActiveCfg = Release|x64
		{3B07D863-B4F3-4A29-8DD4-AE85FC9EE30E}.Release|x64.Build.0 = Release|x64
		{3B07D863-B4F3-4A29-8DD4-AE85FC9EE30E}.Release|x86.ActiveCfg = Release|Win32
		{3B07D863-B4F3-4A29-8DD4-AE85FC9EE30E}.Release|x86.Build.0 = Release|Win32
	EndGlobalSection
	GlobalSection(SolutionProperties) = preSolution
		HideSolutionNode = FALSE
	EndGlobalSection
	GlobalSection(ExtensibilityGlobals) = postSolution
		SolutionGuid = {E88A6BE0-502C-4193-B111-EF6E0C58B73D}
	EndGlobalSection
EndGlobal
